
Microsoft Visual Studio Solution File, Format Version 12.00
# Visual Studio Version 17
VisualStudioVersion = 17.14.36705.20 d17.14
MinimumVisualStudioVersion = 10.0.40219.1
Project("{FAE04EC0-301F-11D3-BF4B-00C04F79EFBC}") = "LeetCode-число палиндром", "LeetCode-число палиндром.csproj", "{470684DB-F6D3-4B94-9723-9704161A661B}"
EndProject
Global
	GlobalSection(SolutionConfigurationPlatforms) = preSolution
		Debug|Any CPU = Debug|Any CPU
		Release|Any CPU = Release|Any CPU
	EndGlobalSection
	GlobalSection(ProjectConfigurationPlatforms) = postSolution
		{470684DB-F6D3-4B94-9723-9704161A661B}.Debug|Any CPU.ActiveCfg = Debug|Any CPU
		{470684DB-F6D3-4B94-9723-9704161A661B}.Debug|Any CPU.Build.0 = Debug|Any CPU
		{470684DB-F6D3-4B94-9723-9704161A661B}.Release|Any CPU.ActiveCfg = Release|Any CPU
		{470684DB-F6D3-4B94-9723-9704161A661B}.Release|Any CPU.Build.0 = Release|Any CPU
	EndGlobalSection
	GlobalSection(SolutionProperties) = preSolution
		HideSolutionNode = FALSE
	EndGlobalSection
	GlobalSection(ExtensibilityGlobals) = postSolution
		SolutionGuid = {3599BC73-4607-445B-B384-A3671A6BB344}
	EndGlobalSection
EndGlobal
